
Microsoft Visual Studio Solution File, Format Version 12.00
# Visual Studio Version 16
VisualStudioVersion = 16.0.32413.511
MinimumVisualStudioVersion = 10.0.40219.1
Project("{FAE04EC0-301F-11D3-BF4B-00C04F79EFBC}") = "SPH_TDS", "SPH_TDS\SPH_TDS.csproj", "{242CD141-5740-49A8-804C-E0CA651FE4AF}"
EndProject
Global
	GlobalSection(SolutionConfigurationPlatforms) = preSolution
		Debug|Any CPU = Debug|Any CPU
		Release|Any CPU = Release|Any CPU
	EndGlobalSection
	GlobalSection(ProjectConfigurationPlatforms) = postSolution
		{242CD141-5740-49A8-804C-E0CA651FE4AF}.Debug|Any CPU.ActiveCfg = Debug|Any CPU
		{242CD141-5740-49A8-804C-E0CA651FE4AF}.Debug|Any CPU.Build.0 = Debug|Any CPU
		{242CD141-5740-49A8-804C-E0CA651FE4AF}.Release|Any CPU.ActiveCfg = Release|Any CPU
		{242CD141-5740-49A8-804C-E0CA651FE4AF}.Release|Any CPU.Build.0 = Release|Any CPU
	EndGlobalSection
	GlobalSection(SolutionProperties) = preSolution
		HideSolutionNode = FALSE
	EndGlobalSection
	GlobalSection(ExtensibilityGlobals) = postSolution
		SolutionGuid = {14BF92B5-5A22-4DDA-9F52-88FB57D0AA09}
	EndGlobalSection
EndGlobal
