
Microsoft Visual Studio Solution File, Format Version 12.00
# Visual Studio Version 17
VisualStudioVersion = 17.1.32319.34
MinimumVisualStudioVersion = 10.0.40219.1
Project("{FAE04EC0-301F-11D3-BF4B-00C04F79EFBC}") = "Tarefa", "Tarefa\Tarefa.csproj", "{52D1B8BC-C9D7-4768-9E4B-DA5005106E2E}"
EndProject
Global
	GlobalSection(SolutionConfigurationPlatforms) = preSolution
		Debug|Any CPU = Debug|Any CPU
		Release|Any CPU = Release|Any CPU
	EndGlobalSection
	GlobalSection(ProjectConfigurationPlatforms) = postSolution
		{52D1B8BC-C9D7-4768-9E4B-DA5005106E2E}.Debug|Any CPU.ActiveCfg = Debug|Any CPU
		{52D1B8BC-C9D7-4768-9E4B-DA5005106E2E}.Debug|Any CPU.Build.0 = Debug|Any CPU
		{52D1B8BC-C9D7-4768-9E4B-DA5005106E2E}.Release|Any CPU.ActiveCfg = Release|Any CPU
		{52D1B8BC-C9D7-4768-9E4B-DA5005106E2E}.Release|Any CPU.Build.0 = Release|Any CPU
	EndGlobalSection
	GlobalSection(SolutionProperties) = preSolution
		HideSolutionNode = FALSE
	EndGlobalSection
	GlobalSection(ExtensibilityGlobals) = postSolution
		SolutionGuid = {88C2EEEF-263F-46C0-BFAA-AA6095C21941}
	EndGlobalSection
EndGlobal
